// !$*UTF8*$!
{
	archiveVersion = 1;
	classes = {
	};
	objectVersion = 77;
	objects = {

/* Begin PBXContainerItemProxy section */
		9CE8DCC22E28C54D0008AC37 /* PBXContainerItemProxy */ = {
			isa = PBXContainerItemProxy;
			containerPortal = 9CE8DCA92E28C54A0008AC37 /* Project object */;
			proxyType = 1;
			remoteGlobalIDString = 9CE8DCB02E28C54A0008AC37;
			remoteInfo = frontend_swift;
		};
		9CE8DCCC2E28C54D0008AC37 /* PBXContainerItemProxy */ = {
			isa = PBXContainerItemProxy;
			containerPortal = 9CE8DCA92E28C54A0008AC37 /* Project object */;
			proxyType = 1;
			remoteGlobalIDString = 9CE8DCB02E28C54A0008AC37;
			remoteInfo = frontend_swift;
		};
/* End PBXContainerItemProxy section */

/* Begin PBXFileReference section */
		9CE8DCB12E28C54A0008AC37 /* frontend_swift.app */ = {isa = PBXFileReference; explicitFileType = wrapper.application; includeInIndex = 0; path = frontend_swift.app; sourceTree = BUILT_PRODUCTS_DIR; };
		9CE8DCC12E28C54D0008AC37 /* frontend_swiftTests.xctest */ = {isa = PBXFileReference; explicitFileType = wrapper.cfbundle; includeInIndex = 0; path = frontend_swiftTests.xctest; sourceTree = BUILT_PRODUCTS_DIR; };
		9CE8DCCB2E28C54D0008AC37 /* frontend_swiftUITests.xctest */ = {isa = PBXFileReference; explicitFileType = wrapper.cfbundle; includeInIndex = 0; path = frontend_swiftUITests.xctest; sourceTree = BUILT_PRODUCTS_DIR; };
/* End PBXFileReference section */

/* Begin PBXFileSystemSynchronizedRootGroup section */
		9CE8DCB32E28C54A0008AC37 /* frontend_swift */ = {
			isa = PBXFileSystemSynchronizedRootGroup;
			path = frontend_swift;
			sourceTree = "<group>";
		};
		9CE8DCC42E28C54D0008AC37 /* frontend_swiftTests */ = {
			isa = PBXFileSystemSynchronizedRootGroup;
			path = frontend_swiftTests;
			sourceTree = "<group>";
		};
		9CE8DCCE2E28C54D0008AC37 /* frontend_swiftUITests */ = {
			isa = PBXFileSystemSynchronizedRootGroup;
			path = frontend_swiftUITests;
			sourceTree = "<group>";
		};
/* End PBXFileSystemSynchronizedRootGroup section */

/* Begin PBXFrameworksBuildPhase section */
		9CE8DCAE2E28C54A0008AC37 /* Frameworks */ = {
			isa = PBXFrameworksBuildPhase;
			buildActionMask = 2147483647;
			files = (
			);
			runOnlyForDeploymentPostprocessing = 0;
		};
		9CE8DCBE2E28C54D0008AC37 /* Frameworks */ = {
			isa = PBXFrameworksBuildPhase;
			buildActionMask = 2147483647;
			files = (
			);
			runOnlyForDeploymentPostprocessing = 0;
		};
		9CE8DCC82E28C54D0008AC37 /* Frameworks */ = {
			isa = PBXFrameworksBuildPhase;
			buildActionMask = 2147483647;
			files = (
			);
			runOnlyForDeploymentPostprocessing = 0;
		};
/* End PBXFrameworksBuildPhase section */

/* Begin PBXGroup section */
		9CE8DCA82E28C54A0008AC37 = {
			isa = PBXGroup;
			children = (
				9CE8DCB32E28C54A0008AC37 /* frontend_swift */,
				9CE8DCC42E28C54D0008AC37 /* frontend_swiftTests */,
				9CE8DCCE2E28C54D0008AC37 /* frontend_swiftUITests */,
				9CE8DCB22E28C54A0008AC37 /* Products */,
			);
			sourceTree = "<group>";
		};
		9CE8DCB22E28C54A0008AC37 /* Products */ = {
			isa = PBXGroup;
			children = (
				9CE8DCB12E28C54A0008AC37 /* frontend_swift.app */,
				9CE8DCC12E28C54D0008AC37 /* frontend_swiftTests.xctest */,
				9CE8DCCB2E28C54D0008AC37 /* frontend_swiftUITests.xctest */,
			);
			name = Products;
			sourceTree = "<group>";
		};
/* End PBXGroup section */

/* Begin PBXNativeTarget section */
		9CE8DCB02E28C54A0008AC37 /* frontend_swift */ = {
			isa = PBXNativeTarget;
			buildConfigurationList = 9CE8DCD52E28C54D0008AC37 /* Build configuration list for PBXNativeTarget "frontend_swift" */;
			buildPhases = (
				9CE8DCAD2E28C54A0008AC37 /* Sources */,
				9CE8DCAE2E28C54A0008AC37 /* Frameworks */,
				9CE8DCAF2E28C54A0008AC37 /* Resources */,
			);
			buildRules = (
			);
			dependencies = (
			);
			fileSystemSynchronizedGroups = (
				9CE8DCB32E28C54A0008AC37 /* frontend_swift */,
			);
			name = frontend_swift;
			packageProductDependencies = (
			);
			productName = frontend_swift;
			productReference = 9CE8DCB12E28C54A0008AC37 /* frontend_swift.app */;
			productType = "com.apple.product-type.application";
		};
		9CE8DCC02E28C54D0008AC37 /* frontend_swiftTests */ = {
			isa = PBXNativeTarget;
			buildConfigurationList = 9CE8DCD82E28C54D0008AC37 /* Build configuration list for PBXNativeTarget "frontend_swiftTests" */;
			buildPhases = (
				9CE8DCBD2E28C54D0008AC37 /* Sources */,
				9CE8DCBE2E28C54D0008AC37 /* Frameworks */,
				9CE8DCBF2E28C54D0008AC37 /* Resources */,
			);
			buildRules = (
			);
			dependencies = (
				9CE8DCC32E28C54D0008AC37 /* PBXTargetDependency */,
			);
			fileSystemSynchronizedGroups = (
				9CE8DCC42E28C54D0008AC37 /* frontend_swiftTests */,
			);
			name = frontend_swiftTests;
			packageProductDependencies = (
			);
			productName = frontend_swiftTests;
			productReference = 9CE8DCC12E28C54D0008AC37 /* frontend_swiftTests.xctest */;
			productType = "com.apple.product-type.bundle.unit-test";
		};
		9CE8DCCA2E28C54D0008AC37 /* frontend_swiftUITests */ = {
			isa = PBXNativeTarget;
			buildConfigurationList = 9CE8DCDB2E28C54D0008AC37 /* Build configuration list for PBXNativeTarget "frontend_swiftUITests" */;
			buildPhases = (
				9CE8DCC72E28C54D0008AC37 /* Sources */,
				9CE8DCC82E28C54D0008AC37 /* Frameworks */,
				9CE8DCC92E28C54D0008AC37 /* Resources */,
			);
			buildRules = (
			);
			dependencies = (
				9CE8DCCD2E28C54D0008AC37 /* PBXTargetDependency */,
			);
			fileSystemSynchronizedGroups = (
				9CE8DCCE2E28C54D0008AC37 /* frontend_swiftUITests */,
			);
			name = frontend_swiftUITests;
			packageProductDependencies = (
			);
			productName = frontend_swiftUITests;
			productReference = 9CE8DCCB2E28C54D0008AC37 /* frontend_swiftUITests.xctest */;
			productType = "com.apple.product-type.bundle.ui-testing";
		};
/* End PBXNativeTarget section */

/* Begin PBXProject section */
		9CE8DCA92E28C54A0008AC37 /* Project object */ = {
			isa = PBXProject;
			attributes = {
				BuildIndependentTargetsInParallel = 1;
				LastSwiftUpdateCheck = 1610;
				LastUpgradeCheck = 1610;
				TargetAttributes = {
					9CE8DCB02E28C54A0008AC37 = {
						CreatedOnToolsVersion = 16.1;
					};
					9CE8DCC02E28C54D0008AC37 = {
						CreatedOnToolsVersion = 16.1;
						TestTargetID = 9CE8DCB02E28C54A0008AC37;
					};
					9CE8DCCA2E28C54D0008AC37 = {
						CreatedOnToolsVersion = 16.1;
						TestTargetID = 9CE8DCB02E28C54A0008AC37;
					};
				};
			};
			buildConfigurationList = 9CE8DCAC2E28C54A0008AC37 /* Build configuration list for PBXProject "frontend_swift" */;
			developmentRegion = en;
			hasScannedForEncodings = 0;
			knownRegions = (
				en,
				Base,
			);
			mainGroup = 9CE8DCA82E28C54A0008AC37;
			minimizedProjectReferenceProxies = 1;
			preferredProjectObjectVersion = 77;
			productRefGroup = 9CE8DCB22E28C54A0008AC37 /* Products */;
			projectDirPath = "";
			projectRoot = "";
			targets = (
				9CE8DCB02E28C54A0008AC37 /* frontend_swift */,
				9CE8DCC02E28C54D0008AC37 /* frontend_swiftTests */,
				9CE8DCCA2E28C54D0008AC37 /* frontend_swiftUITests */,
			);
		};
/* End PBXProject section */

/* Begin PBXResourcesBuildPhase section */
		9CE8DCAF2E28C54A0008AC37 /* Resources */ = {
			isa = PBXResourcesBuildPhase;
			buildActionMask = 2147483647;
			files = (
			);
			runOnlyForDeploymentPostprocessing = 0;
		};
		9CE8DCBF2E28C54D0008AC37 /* Resources */ = {
			isa = PBXResourcesBuildPhase;
			buildActionMask = 2147483647;
			files = (
			);
			runOnlyForDeploymentPostprocessing = 0;
		};
		9CE8DCC92E28C54D0008AC37 /* Resources */ = {
			isa = PBXResourcesBuildPhase;
			buildActionMask = 2147483647;
			files = (
			);
			runOnlyForDeploymentPostprocessing = 0;
		};
/* End PBXResourcesBuildPhase section */

/* Begin PBXSourcesBuildPhase section */
		9CE8DCAD2E28C54A0008AC37 /* Sources */ = {
			isa = PBXSourcesBuildPhase;
			buildActionMask = 2147483647;
			files = (
			);
			runOnlyForDeploymentPostprocessing = 0;
		};
		9CE8DCBD2E28C54D0008AC37 /* Sources */ = {
			isa = PBXSourcesBuildPhase;
			buildActionMask = 2147483647;
			files = (
			);
			runOnlyForDeploymentPostprocessing = 0;
		};
		9CE8DCC72E28C54D0008AC37 /* Sources */ = {
			isa = PBXSourcesBuildPhase;
			buildActionMask = 2147483647;
			files = (
			);
			runOnlyForDeploymentPostprocessing = 0;
		};
/* End PBXSourcesBuildPhase section */

/* Begin PBXTargetDependency section */
		9CE8DCC32E28C54D0008AC37 /* PBXTargetDependency */ = {
			isa = PBXTargetDependency;
			target = 9CE8DCB02E28C54A0008AC37 /* frontend_swift */;
			targetProxy = 9CE8DCC22E28C54D0008AC37 /* PBXContainerItemProxy */;
		};
		9CE8DCCD2E28C54D0008AC37 /* PBXTargetDependency */ = {
			isa = PBXTargetDependency;
			target = 9CE8DCB02E28C54A0008AC37 /* frontend_swift */;
			targetProxy = 9CE8DCCC2E28C54D0008AC37 /* PBXContainerItemProxy */;
		};
/* End PBXTargetDependency section */

/* Begin XCBuildConfiguration section */
		9CE8DCD32E28C54D0008AC37 /* Debug */ = {
			isa = XCBuildConfiguration;
			buildSettings = {
				ALWAYS_SEARCH_USER_PATHS = NO;
				ASSETCATALOG_COMPILER_GENERATE_SWIFT_ASSET_SYMBOL_EXTENSIONS = YES;
				CLANG_ANALYZER_NONNULL = YES;
				CLANG_ANALYZER_NUMBER_OBJECT_CONVERSION = YES_AGGRESSIVE;
				CLANG_CXX_LANGUAGE_STANDARD = "gnu++20";
				CLANG_ENABLE_MODULES = YES;
				CLANG_ENABLE_OBJC_ARC = YES;
				CLANG_ENABLE_OBJC_WEAK = YES;
				CLANG_WARN_BLOCK_CAPTURE_AUTORELEASING = YES;
				CLANG_WARN_BOOL_CONVERSION = YES;
				CLANG_WARN_COMMA = YES;
				CLANG_WARN_CONSTANT_CONVERSION = YES;
				CLANG_WARN_DEPRECATED_OBJC_IMPLEMENTATIONS = YES;
				CLANG_WARN_DIRECT_OBJC_ISA_USAGE = YES_ERROR;
				CLANG_WARN_DOCUMENTATION_COMMENTS = YES;
				CLANG_WARN_EMPTY_BODY = YES;
				CLANG_WARN_ENUM_CONVERSION = YES;
				CLANG_WARN_INFINITE_RECURSION = YES;
				CLANG_WARN_INT_CONVERSION = YES;
				CLANG_WARN_NON_LITERAL_NULL_CONVERSION = YES;
				CLANG_WARN_OBJC_IMPLICIT_RETAIN_SELF = YES;
				CLANG_WARN_OBJC_LITERAL_CONVERSION = YES;
				CLANG_WARN_OBJC_ROOT_CLASS = YES_ERROR;
				CLANG_WARN_QUOTED_INCLUDE_IN_FRAMEWORK_HEADER = YES;
				CLANG_WARN_RANGE_LOOP_ANALYSIS = YES;
				CLANG_WARN_STRICT_PROTOTYPES = YES;
				CLANG_WARN_SUSPICIOUS_MOVE = YES;
				CLANG_WARN_UNGUARDED_AVAILABILITY = YES_AGGRESSIVE;
				CLANG_WARN_UNREACHABLE_CODE = YES;
				CLANG_WARN__DUPLICATE_METHOD_MATCH = YES;
				COPY_PHASE_STRIP = NO;
				DEBUG_INFORMATION_FORMAT = dwarf;
				ENABLE_STRICT_OBJC_MSGSEND = YES;
				ENABLE_TESTABILITY = YES;
				ENABLE_USER_SCRIPT_SANDBOXING = YES;
				GCC_C_LANGUAGE_STANDARD = gnu17;
				GCC_DYNAMIC_NO_PIC = NO;
				GCC_NO_COMMON_BLOCKS = YES;
				GCC_OPTIMIZATION_LEVEL = 0;
				GCC_PREPROCESSOR_DEFINITIONS = (
					"DEBUG=1",
					"$(inherited)",
				);
				GCC_WARN_64_TO_32_BIT_CONVERSION = YES;
				GCC_WARN_ABOUT_RETURN_TYPE = YES_ERROR;
				GCC_WARN_UNDECLARED_SELECTOR = YES;
				GCC_WARN_UNINITIALIZED_AUTOS = YES_AGGRESSIVE;
				GCC_WARN_UNUSED_FUNCTION = YES;
				GCC_WARN_UNUSED_VARIABLE = YES;
				IPHONEOS_DEPLOYMENT_TARGET = 18.1;
				LOCALIZATION_PREFERS_STRING_CATALOGS = YES;
				MTL_ENABLE_DEBUG_INFO = INCLUDE_SOURCE;
				MTL_FAST_MATH = YES;
				ONLY_ACTIVE_ARCH = YES;
				SDKROOT = iphoneos;
				SWIFT_ACTIVE_COMPILATION_CONDITIONS = "DEBUG $(inherited)";
				SWIFT_OPTIMIZATION_LEVEL = "-Onone";
			};
			name = Debug;
		};
		9CE8DCD42E28C54D0008AC37 /* Release */ = {
			isa = XCBuildConfiguration;
			buildSettings = {
				ALWAYS_SEARCH_USER_PATHS = NO;
				ASSETCATALOG_COMPILER_GENERATE_SWIFT_ASSET_SYMBOL_EXTENSIONS = YES;
				CLANG_ANALYZER_NONNULL = YES;
				CLANG_ANALYZER_NUMBER_OBJECT_CONVERSION = YES_AGGRESSIVE;
				CLANG_CXX_LANGUAGE_STANDARD = "gnu++20";
				CLANG_ENABLE_MODULES = YES;
				CLANG_ENABLE_OBJC_ARC = YES;
				CLANG_ENABLE_OBJC_WEAK = YES;
				CLANG_WARN_BLOCK_CAPTURE_AUTORELEASING = YES;
				CLANG_WARN_BOOL_CONVERSION = YES;
				CLANG_WARN_COMMA = YES;
				CLANG_WARN_CONSTANT_CONVERSION = YES;
				CLANG_WARN_DEPRECATED_OBJC_IMPLEMENTATIONS = YES;
				CLANG_WARN_DIRECT_OBJC_ISA_USAGE = YES_ERROR;
				CLANG_WARN_DOCUMENTATION_COMMENTS = YES;
				CLANG_WARN_EMPTY_BODY = YES;
				CLANG_WARN_ENUM_CONVERSION = YES;
				CLANG_WARN_INFINITE_RECURSION = YES;
				CLANG_WARN_INT_CONVERSION = YES;
				CLANG_WARN_NON_LITERAL_NULL_CONVERSION = YES;
				CLANG_WARN_OBJC_IMPLICIT_RETAIN_SELF = YES;
				CLANG_WARN_OBJC_LITERAL_CONVERSION = YES;
				CLANG_WARN_OBJC_ROOT_CLASS = YES_ERROR;
				CLANG_WARN_QUOTED_INCLUDE_IN_FRAMEWORK_HEADER = YES;
				CLANG_WARN_RANGE_LOOP_ANALYSIS = YES;
				CLANG_WARN_STRICT_PROTOTYPES = YES;
				CLANG_WARN_SUSPICIOUS_MOVE = YES;
				CLANG_WARN_UNGUARDED_AVAILABILITY = YES_AGGRESSIVE;
				CLANG_WARN_UNREACHABLE_CODE = YES;
				CLANG_WARN__DUPLICATE_METHOD_MATCH = YES;
				COPY_PHASE_STRIP = NO;
				DEBUG_INFORMATION_FORMAT = "dwarf-with-dsym";
				ENABLE_NS_ASSERTIONS = NO;
				ENABLE_STRICT_OBJC_MSGSEND = YES;
				ENABLE_USER_SCRIPT_SANDBOXING = YES;
				GCC_C_LANGUAGE_STANDARD = gnu17;
				GCC_NO_COMMON_BLOCKS = YES;
				GCC_WARN_64_TO_32_BIT_CONVERSION = YES;
				GCC_WARN_ABOUT_RETURN_TYPE = YES_ERROR;
				GCC_WARN_UNDECLARED_SELECTOR = YES;
				GCC_WARN_UNINITIALIZED_AUTOS = YES_AGGRESSIVE;
				GCC_WARN_UNUSED_FUNCTION = YES;
				GCC_WARN_UNUSED_VARIABLE = YES;
				IPHONEOS_DEPLOYMENT_TARGET = 18.1;
				LOCALIZATION_PREFERS_STRING_CATALOGS = YES;
				MTL_ENABLE_DEBUG_INFO = NO;
				MTL_FAST_MATH = YES;
				SDKROOT = iphoneos;
				SWIFT_COMPILATION_MODE = wholemodule;
				VALIDATE_PRODUCT = YES;
			};
			name = Release;
		};
		9CE8DCD62E28C54D0008AC37 /* Debug */ = {
			isa = XCBuildConfiguration;
			buildSettings = {
				ASSETCATALOG_COMPILER_APPICON_NAME = AppIcon;
				ASSETCATALOG_COMPILER_GLOBAL_ACCENT_COLOR_NAME = AccentColor;
				CODE_SIGN_STYLE = Automatic;
				CURRENT_PROJECT_VERSION = 1;
				DEVELOPMENT_ASSET_PATHS = "\"frontend_swift/Preview Content\"";
				DEVELOPMENT_TEAM = GNG4G6832T;
				ENABLE_PREVIEWS = YES;
				GENERATE_INFOPLIST_FILE = YES;
				INFOPLIST_KEY_UIApplicationSceneManifest_Generation = YES;
				INFOPLIST_KEY_UIApplicationSupportsIndirectInputEvents = YES;
				INFOPLIST_KEY_UILaunchScreen_Generation = YES;
				INFOPLIST_KEY_UISupportedInterfaceOrientations_iPad = "UIInterfaceOrientationPortrait UIInterfaceOrientationPortraitUpsideDown UIInterfaceOrientationLandscapeLeft UIInterfaceOrientationLandscapeRight";
				INFOPLIST_KEY_UISupportedInterfaceOrientations_iPhone = "UIInterfaceOrientationPortrait UIInterfaceOrientationLandscapeLeft UIInterfaceOrientationLandscapeRight";
				LD_RUNPATH_SEARCH_PATHS = (
					"$(inherited)",
					"@executable_path/Frameworks",
				);
				MARKETING_VERSION = 1.0;
				PRODUCT_BUNDLE_IDENTIFIER = "com.takasou.frontend-swift";
				PRODUCT_NAME = "$(TARGET_NAME)";
				SWIFT_EMIT_LOC_STRINGS = YES;
				SWIFT_VERSION = 5.0;
				TARGETED_DEVICE_FAMILY = "1,2";
			};
			name = Debug;
		};
		9CE8DCD72E28C54D0008AC37 /* Release */ = {
			isa = XCBuildConfiguration;
			buildSettings = {
				ASSETCATALOG_COMPILER_APPICON_NAME = AppIcon;
				ASSETCATALOG_COMPILER_GLOBAL_ACCENT_COLOR_NAME = AccentColor;
				CODE_SIGN_STYLE = Automatic;
				CURRENT_PROJECT_VERSION = 1;
				DEVELOPMENT_ASSET_PATHS = "\"frontend_swift/Preview Content\"";
				DEVELOPMENT_TEAM = GNG4G6832T;
				ENABLE_PREVIEWS = YES;
				GENERATE_INFOPLIST_FILE = YES;
				INFOPLIST_KEY_UIApplicationSceneManifest_Generation = YES;
				INFOPLIST_KEY_UIApplicationSupportsIndirectInputEvents = YES;
				INFOPLIST_KEY_UILaunchScreen_Generation = YES;
				INFOPLIST_KEY_UISupportedInterfaceOrientations_iPad = "UIInterfaceOrientationPortrait UIInterfaceOrientationPortraitUpsideDown UIInterfaceOrientationLandscapeLeft UIInterfaceOrientationLandscapeRight";
				INFOPLIST_KEY_UISupportedInterfaceOrientations_iPhone = "UIInterfaceOrientationPortrait UIInterfaceOrientationLandscapeLeft UIInterfaceOrientationLandscapeRight";
				LD_RUNPATH_SEARCH_PATHS = (
					"$(inherited)",
					"@executable_path/Frameworks",
				);
				MARKETING_VERSION = 1.0;
				PRODUCT_BUNDLE_IDENTIFIER = "com.takasou.frontend-swift";
				PRODUCT_NAME = "$(TARGET_NAME)";
				SWIFT_EMIT_LOC_STRINGS = YES;
				SWIFT_VERSION = 5.0;
				TARGETED_DEVICE_FAMILY = "1,2";
			};
			name = Release;
		};
		9CE8DCD92E28C54D0008AC37 /* Debug */ = {
			isa = XCBuildConfiguration;
			buildSettings = {
				BUNDLE_LOADER = "$(TEST_HOST)";
				CODE_SIGN_STYLE = Automatic;
				CURRENT_PROJECT_VERSION = 1;
				DEVELOPMENT_TEAM = GNG4G6832T;
				GENERATE_INFOPLIST_FILE = YES;
				IPHONEOS_DEPLOYMENT_TARGET = 18.1;
				MARKETING_VERSION = 1.0;
				PRODUCT_BUNDLE_IDENTIFIER = "com.takasou.frontend-swiftTests";
				PRODUCT_NAME = "$(TARGET_NAME)";
				SWIFT_EMIT_LOC_STRINGS = NO;
				SWIFT_VERSION = 5.0;
				TARGETED_DEVICE_FAMILY = "1,2";
				TEST_HOST = "$(BUILT_PRODUCTS_DIR)/frontend_swift.app/$(BUNDLE_EXECUTABLE_FOLDER_PATH)/frontend_swift";
			};
			name = Debug;
		};
		9CE8DCDA2E28C54D0008AC37 /* Release */ = {
			isa = XCBuildConfiguration;
			buildSettings = {
				BUNDLE_LOADER = "$(TEST_HOST)";
				CODE_SIGN_STYLE = Automatic;
				CURRENT_PROJECT_VERSION = 1;
				DEVELOPMENT_TEAM = GNG4G6832T;
				GENERATE_INFOPLIST_FILE = YES;
				IPHONEOS_DEPLOYMENT_TARGET = 18.1;
				MARKETING_VERSION = 1.0;
				PRODUCT_BUNDLE_IDENTIFIER = "com.takasou.frontend-swiftTests";
				PRODUCT_NAME = "$(TARGET_NAME)";
				SWIFT_EMIT_LOC_STRINGS = NO;
				SWIFT_VERSION = 5.0;
				TARGETED_DEVICE_FAMILY = "1,2";
				TEST_HOST = "$(BUILT_PRODUCTS_DIR)/frontend_swift.app/$(BUNDLE_EXECUTABLE_FOLDER_PATH)/frontend_swift";
			};
			name = Release;
		};
		9CE8DCDC2E28C54D0008AC37 /* Debug */ = {
			isa = XCBuildConfiguration;
			buildSettings = {
				CODE_SIGN_STYLE = Automatic;
				CURRENT_PROJECT_VERSION = 1;
				DEVELOPMENT_TEAM = GNG4G6832T;
				GENERATE_INFOPLIST_FILE = YES;
				MARKETING_VERSION = 1.0;
				PRODUCT_BUNDLE_IDENTIFIER = "com.takasou.frontend-swiftUITests";
				PRODUCT_NAME = "$(TARGET_NAME)";
				SWIFT_EMIT_LOC_STRINGS = NO;
				SWIFT_VERSION = 5.0;
				TARGETED_DEVICE_FAMILY = "1,2";
				TEST_TARGET_NAME = frontend_swift;
			};
			name = Debug;
		};
		9CE8DCDD2E28C54D0008AC37 /* Release */ = {
			isa = XCBuildConfiguration;
			buildSettings = {
				CODE_SIGN_STYLE = Automatic;
				CURRENT_PROJECT_VERSION = 1;
				DEVELOPMENT_TEAM = GNG4G6832T;
				GENERATE_INFOPLIST_FILE = YES;
				MARKETING_VERSION = 1.0;
				PRODUCT_BUNDLE_IDENTIFIER = "com.takasou.frontend-swiftUITests";
				PRODUCT_NAME = "$(TARGET_NAME)";
				SWIFT_EMIT_LOC_STRINGS = NO;
				SWIFT_VERSION = 5.0;
				TARGETED_DEVICE_FAMILY = "1,2";
				TEST_TARGET_NAME = frontend_swift;
			};
			name = Release;
		};
/* End XCBuildConfiguration section */

/* Begin XCConfigurationList section */
		9CE8DCAC2E28C54A0008AC37 /* Build configuration list for PBXProject "frontend_swift" */ = {
			isa = XCConfigurationList;
			buildConfigurations = (
				9CE8DCD32E28C54D0008AC37 /* Debug */,
				9CE8DCD42E28C54D0008AC37 /* Release */,
			);
			defaultConfigurationIsVisible = 0;
			defaultConfigurationName = Release;
		};
		9CE8DCD52E28C54D0008AC37 /* Build configuration list for PBXNativeTarget "frontend_swift" */ = {
			isa = XCConfigurationList;
			buildConfigurations = (
				9CE8DCD62E28C54D0008AC37 /* Debug */,
				9CE8DCD72E28C54D0008AC37 /* Release */,
			);
			defaultConfigurationIsVisible = 0;
			defaultConfigurationName = Release;
		};
		9CE8DCD82E28C54D0008AC37 /* Build configuration list for PBXNativeTarget "frontend_swiftTests" */ = {
			isa = XCConfigurationList;
			buildConfigurations = (
				9CE8DCD92E28C54D0008AC37 /* Debug */,
				9CE8DCDA2E28C54D0008AC37 /* Release */,
			);
			defaultConfigurationIsVisible = 0;
			defaultConfigurationName = Release;
		};
		9CE8DCDB2E28C54D0008AC37 /* Build configuration list for PBXNativeTarget "frontend_swiftUITests" */ = {
			isa = XCConfigurationList;
			buildConfigurations = (
				9CE8DCDC2E28C54D0008AC37 /* Debug */,
				9CE8DCDD2E28C54D0008AC37 /* Release */,
			);
			defaultConfigurationIsVisible = 0;
			defaultConfigurationName = Release;
		};
/* End XCConfigurationList section */
	};
	rootObject = 9CE8DCA92E28C54A0008AC37 /* Project object */;
}
